
Microsoft Visual Studio Solution File, Format Version 12.00
# Visual Studio Version 17
VisualStudioVersion = 17.11.35303.130
MinimumVisualStudioVersion = 10.0.40219.1
Project("{888888A0-9F3D-457C-B088-3A5042F75D52}") = "Extract", "Extract\Extract.pyproj", "{F64D1EE5-6DEE-49D0-ADEE-7BCB0729DFDA}"
EndProject
Global
	GlobalSection(SolutionConfigurationPlatforms) = preSolution
		Debug|Any CPU = Debug|Any CPU
		Release|Any CPU = Release|Any CPU
	EndGlobalSection
	GlobalSection(ProjectConfigurationPlatforms) = postSolution
		{F64D1EE5-6DEE-49D0-ADEE-7BCB0729DFDA}.Debug|Any CPU.ActiveCfg = Debug|Any CPU
		{F64D1EE5-6DEE-49D0-ADEE-7BCB0729DFDA}.Release|Any CPU.ActiveCfg = Release|Any CPU
	EndGlobalSection
	GlobalSection(SolutionProperties) = preSolution
		HideSolutionNode = FALSE
	EndGlobalSection
	GlobalSection(ExtensibilityGlobals) = postSolution
		SolutionGuid = {9C114FED-4C84-4181-A70F-EF8A1BE9BAFD}
	EndGlobalSection
EndGlobal
